{
    "_readme": [
        "This file locks the dependencies of your project to a known state",
        "Read more about it at https://getcomposer.org/doc/01-basic-usage.md#installing-dependencies",
        "This file is @generated automatically"
    ],
    "content-hash": "58a2eb9a7b76aa4e0092a2d5b8a48a1c",
    "packages": [
        {
            "name": "qithub/core",
            "version": "dev-master",
            "source": {
                "type": "git",
                "url": "https://github.com/Qithub-BOT/Qithub-CORE.git",
                "reference": "2306f54ff1fa3a7b646416a2a8c57df760961e63"
            },
            "dist": {
                "type": "zip",
                "url": "https://api.github.com/repos/Qithub-BOT/Qithub-CORE/zipball/2306f54ff1fa3a7b646416a2a8c57df760961e63",
                "reference": "2306f54ff1fa3a7b646416a2a8c57df760961e63",
                "shasum": ""
            },
            "require": {
                "php": ">=5.6.0"
            },
            "conflict": {
                "phpunit/php-timer": ">=2"
            },
            "require-dev": {
                "phpunit/phpunit": "5.7.27"
            },
            "bin": [
                "bin/Qithub-CORE.phar"
            ],
            "type": "library",
            "autoload": {
                "files": [
                    "src/Classes.php.inc",
                    "src/Functions.php.inc"
                ]
            },
            "license": [
                "CC-BY-SA-4.0"
            ],
            "authors": [
                {
                    "name": "Qithub-ORG",
                    "email": "qithub@keinos.com"
                }
            ],
            "description": "Core library for Qithub BOT.",
            "homepage": "https://github.com/Qithub-BOT/Qithub-CORE",
            "keywords": [
                "core",
                "qithub"
            ],
            "support": {
                "source": "https://github.com/Qithub-BOT/Qithub-CORE/tree/master"
            },
            "time": "2018-07-02T07:07:16+00:00"
        }
    ],
    "packages-dev": [],
    "aliases": [],
    "minimum-stability": "stable",
    "stability-flags": {
        "qithub/core": 20
    },
    "prefer-stable": false,
    "prefer-lowest": false,
    "platform": [],
    "platform-dev": []
}
